
Microsoft Visual Studio Solution File, Format Version 12.00
# Visual Studio 15
VisualStudioVersion = 15.0.27428.2002
MinimumVisualStudioVersion = 10.0.40219.1
Project("{FAE04EC0-301F-11D3-BF4B-00C04F79EFBC}") = "TraducaoBot", "SpellCheckBot\TraducaoBot.csproj", "{E43368C2-58EB-4C9B-A4FD-A17378523B53}"
EndProject
Global
	GlobalSection(SolutionConfigurationPlatforms) = preSolution
		Debug|Any CPU = Debug|Any CPU
		Release|Any CPU = Release|Any CPU
	EndGlobalSection
	GlobalSection(ProjectConfigurationPlatforms) = postSolution
		{E43368C2-58EB-4C9B-A4FD-A17378523B53}.Debug|Any CPU.ActiveCfg = Debug|Any CPU
		{E43368C2-58EB-4C9B-A4FD-A17378523B53}.Debug|Any CPU.Build.0 = Debug|Any CPU
		{E43368C2-58EB-4C9B-A4FD-A17378523B53}.Release|Any CPU.ActiveCfg = Release|Any CPU
		{E43368C2-58EB-4C9B-A4FD-A17378523B53}.Release|Any CPU.Build.0 = Release|Any CPU
	EndGlobalSection
	GlobalSection(SolutionProperties) = preSolution
		HideSolutionNode = FALSE
	EndGlobalSection
	GlobalSection(ExtensibilityGlobals) = postSolution
		SolutionGuid = {EDBF044E-2D99-48CC-9934-538D5004BFA1}
	EndGlobalSection
EndGlobal
